// !$*UTF8*$!
{
	archiveVersion = 1;
	classes = {
	};
	objectVersion = 77;
	objects = {

/* Begin PBXBuildFile section */
		06B0A5A02E75625C00E0AE25 /* GoogleSignIn in Frameworks */ = {isa = PBXBuildFile; productRef = 06B0A59F2E75625C00E0AE25 /* GoogleSignIn */; };
		06B0A5A22E75625C00E0AE25 /* GoogleSignInSwift in Frameworks */ = {isa = PBXBuildFile; productRef = 06B0A5A12E75625C00E0AE25 /* GoogleSignInSwift */; };
		06B0A5A52E7562C200E0AE25 /* FirebaseAuth in Frameworks */ = {isa = PBXBuildFile; productRef = 06B0A5A42E7562C200E0AE25 /* FirebaseAuth */; };
		06B0A5A72E7562C200E0AE25 /* FirebaseCore in Frameworks */ = {isa = PBXBuildFile; productRef = 06B0A5A62E7562C200E0AE25 /* FirebaseCore */; };
/* End PBXBuildFile section */

/* Begin PBXContainerItemProxy section */
		06B0A5682E7560B900E0AE25 /* PBXContainerItemProxy */ = {
			isa = PBXContainerItemProxy;
			containerPortal = 06B0A5512E7560B800E0AE25 /* Project object */;
			proxyType = 1;
			remoteGlobalIDString = 06B0A5582E7560B800E0AE25;
			remoteInfo = marauders;
		};
		06B0A5722E7560B900E0AE25 /* PBXContainerItemProxy */ = {
			isa = PBXContainerItemProxy;
			containerPortal = 06B0A5512E7560B800E0AE25 /* Project object */;
			proxyType = 1;
			remoteGlobalIDString = 06B0A5582E7560B800E0AE25;
			remoteInfo = marauders;
		};
/* End PBXContainerItemProxy section */

/* Begin PBXFileReference section */
		06B0A5592E7560B800E0AE25 /* marauders.app */ = {isa = PBXFileReference; explicitFileType = wrapper.application; includeInIndex = 0; path = marauders.app; sourceTree = BUILT_PRODUCTS_DIR; };
		06B0A5672E7560B900E0AE25 /* maraudersTests.xctest */ = {isa = PBXFileReference; explicitFileType = wrapper.cfbundle; includeInIndex = 0; path = maraudersTests.xctest; sourceTree = BUILT_PRODUCTS_DIR; };
		06B0A5712E7560B900E0AE25 /* maraudersUITests.xctest */ = {isa = PBXFileReference; explicitFileType = wrapper.cfbundle; includeInIndex = 0; path = maraudersUITests.xctest; sourceTree = BUILT_PRODUCTS_DIR; };
/* End PBXFileReference section */

/* Begin PBXFileSystemSynchronizedBuildFileExceptionSet section */
		06B0A5852E75618900E0AE25 /* Exceptions for "marauders" folder in "marauders" target */ = {
			isa = PBXFileSystemSynchronizedBuildFileExceptionSet;
			membershipExceptions = (
				Info.plist,
			);
			target = 06B0A5582E7560B800E0AE25 /* marauders */;
		};
/* End PBXFileSystemSynchronizedBuildFileExceptionSet section */

/* Begin PBXFileSystemSynchronizedRootGroup section */
		06B0A55B2E7560B800E0AE25 /* marauders */ = {
			isa = PBXFileSystemSynchronizedRootGroup;
			exceptions = (
				06B0A5852E75618900E0AE25 /* Exceptions for "marauders" folder in "marauders" target */,
			);
			path = marauders;
			sourceTree = "<group>";
		};
		06B0A56A2E7560B900E0AE25 /* maraudersTests */ = {
			isa = PBXFileSystemSynchronizedRootGroup;
			path = maraudersTests;
			sourceTree = "<group>";
		};
		06B0A5742E7560B900E0AE25 /* maraudersUITests */ = {
			isa = PBXFileSystemSynchronizedRootGroup;
			path = maraudersUITests;
			sourceTree = "<group>";
		};
/* End PBXFileSystemSynchronizedRootGroup section */

/* Begin PBXFrameworksBuildPhase section */
		06B0A5562E7560B800E0AE25 /* Frameworks */ = {
			isa = PBXFrameworksBuildPhase;
			buildActionMask = 2147483647;
			files = (
				06B0A5A02E75625C00E0AE25 /* GoogleSignIn in Frameworks */,
				06B0A5A52E7562C200E0AE25 /* FirebaseAuth in Frameworks */,
				06B0A5A72E7562C200E0AE25 /* FirebaseCore in Frameworks */,
				06B0A5A22E75625C00E0AE25 /* GoogleSignInSwift in Frameworks */,
			);
			runOnlyForDeploymentPostprocessing = 0;
		};
		06B0A5642E7560B900E0AE25 /* Frameworks */ = {
			isa = PBXFrameworksBuildPhase;
			buildActionMask = 2147483647;
			files = (
			);
			runOnlyForDeploymentPostprocessing = 0;
		};
		06B0A56E2E7560B900E0AE25 /* Frameworks */ = {
			isa = PBXFrameworksBuildPhase;
			buildActionMask = 2147483647;
			files = (
			);
			runOnlyForDeploymentPostprocessing = 0;
		};
/* End PBXFrameworksBuildPhase section */

/* Begin PBXGroup section */
		06B0A5502E7560B800E0AE25 = {
			isa = PBXGroup;
			children = (
				06B0A55B2E7560B800E0AE25 /* marauders */,
				06B0A56A2E7560B900E0AE25 /* maraudersTests */,
				06B0A5742E7560B900E0AE25 /* maraudersUITests */,
				06B0A55A2E7560B800E0AE25 /* Products */,
			);
			sourceTree = "<group>";
		};
		06B0A55A2E7560B800E0AE25 /* Products */ = {
			isa = PBXGroup;
			children = (
				06B0A5592E7560B800E0AE25 /* marauders.app */,
				06B0A5672E7560B900E0AE25 /* maraudersTests.xctest */,
				06B0A5712E7560B900E0AE25 /* maraudersUITests.xctest */,
			);
			name = Products;
			sourceTree = "<group>";
		};
/* End PBXGroup section */

/* Begin PBXNativeTarget section */
		06B0A5582E7560B800E0AE25 /* marauders */ = {
			isa = PBXNativeTarget;
			buildConfigurationList = 06B0A57B2E7560B900E0AE25 /* Build configuration list for PBXNativeTarget "marauders" */;
			buildPhases = (
				06B0A5552E7560B800E0AE25 /* Sources */,
				06B0A5562E7560B800E0AE25 /* Frameworks */,
				06B0A5572E7560B800E0AE25 /* Resources */,
			);
			buildRules = (
			);
			dependencies = (
			);
			fileSystemSynchronizedGroups = (
				06B0A55B2E7560B800E0AE25 /* marauders */,
			);
			name = marauders;
			packageProductDependencies = (
				06B0A59F2E75625C00E0AE25 /* GoogleSignIn */,
				06B0A5A12E75625C00E0AE25 /* GoogleSignInSwift */,
				06B0A5A42E7562C200E0AE25 /* FirebaseAuth */,
				06B0A5A62E7562C200E0AE25 /* FirebaseCore */,
			);
			productName = marauders;
			productReference = 06B0A5592E7560B800E0AE25 /* marauders.app */;
			productType = "com.apple.product-type.application";
		};
		06B0A5662E7560B900E0AE25 /* maraudersTests */ = {
			isa = PBXNativeTarget;
			buildConfigurationList = 06B0A57E2E7560B900E0AE25 /* Build configuration list for PBXNativeTarget "maraudersTests" */;
			buildPhases = (
				06B0A5632E7560B900E0AE25 /* Sources */,
				06B0A5642E7560B900E0AE25 /* Frameworks */,
				06B0A5652E7560B900E0AE25 /* Resources */,
			);
			buildRules = (
			);
			dependencies = (
				06B0A5692E7560B900E0AE25 /* PBXTargetDependency */,
			);
			fileSystemSynchronizedGroups = (
				06B0A56A2E7560B900E0AE25 /* maraudersTests */,
			);
			name = maraudersTests;
			packageProductDependencies = (
			);
			productName = maraudersTests;
			productReference = 06B0A5672E7560B900E0AE25 /* maraudersTests.xctest */;
			productType = "com.apple.product-type.bundle.unit-test";
		};
		06B0A5702E7560B900E0AE25 /* maraudersUITests */ = {
			isa = PBXNativeTarget;
			buildConfigurationList = 06B0A5812E7560B900E0AE25 /* Build configuration list for PBXNativeTarget "maraudersUITests" */;
			buildPhases = (
				06B0A56D2E7560B900E0AE25 /* Sources */,
				06B0A56E2E7560B900E0AE25 /* Frameworks */,
				06B0A56F2E7560B900E0AE25 /* Resources */,
			);
			buildRules = (
			);
			dependencies = (
				06B0A5732E7560B900E0AE25 /* PBXTargetDependency */,
			);
			fileSystemSynchronizedGroups = (
				06B0A5742E7560B900E0AE25 /* maraudersUITests */,
			);
			name = maraudersUITests;
			packageProductDependencies = (
			);
			productName = maraudersUITests;
			productReference = 06B0A5712E7560B900E0AE25 /* maraudersUITests.xctest */;
			productType = "com.apple.product-type.bundle.ui-testing";
		};
/* End PBXNativeTarget section */

/* Begin PBXProject section */
		06B0A5512E7560B800E0AE25 /* Project object */ = {
			isa = PBXProject;
			attributes = {
				BuildIndependentTargetsInParallel = 1;
				LastSwiftUpdateCheck = 1640;
				LastUpgradeCheck = 1640;
				TargetAttributes = {
					06B0A5582E7560B800E0AE25 = {
						CreatedOnToolsVersion = 16.4;
					};
					06B0A5662E7560B900E0AE25 = {
						CreatedOnToolsVersion = 16.4;
						TestTargetID = 06B0A5582E7560B800E0AE25;
					};
					06B0A5702E7560B900E0AE25 = {
						CreatedOnToolsVersion = 16.4;
						TestTargetID = 06B0A5582E7560B800E0AE25;
					};
				};
			};
			buildConfigurationList = 06B0A5542E7560B800E0AE25 /* Build configuration list for PBXProject "marauders" */;
			developmentRegion = en;
			hasScannedForEncodings = 0;
			knownRegions = (
				en,
				Base,
			);
			mainGroup = 06B0A5502E7560B800E0AE25;
			minimizedProjectReferenceProxies = 1;
			packageReferences = (
				06B0A59E2E75625C00E0AE25 /* XCRemoteSwiftPackageReference "GoogleSignIn-iOS" */,
				06B0A5A32E7562C200E0AE25 /* XCRemoteSwiftPackageReference "firebase-ios-sdk" */,
			);
			preferredProjectObjectVersion = 77;
			productRefGroup = 06B0A55A2E7560B800E0AE25 /* Products */;
			projectDirPath = "";
			projectRoot = "";
			targets = (
				06B0A5582E7560B800E0AE25 /* marauders */,
				06B0A5662E7560B900E0AE25 /* maraudersTests */,
				06B0A5702E7560B900E0AE25 /* maraudersUITests */,
			);
		};
/* End PBXProject section */

/* Begin PBXResourcesBuildPhase section */
		06B0A5572E7560B800E0AE25 /* Resources */ = {
			isa = PBXResourcesBuildPhase;
			buildActionMask = 2147483647;
			files = (
			);
			runOnlyForDeploymentPostprocessing = 0;
		};
		06B0A5652E7560B900E0AE25 /* Resources */ = {
			isa = PBXResourcesBuildPhase;
			buildActionMask = 2147483647;
			files = (
			);
			runOnlyForDeploymentPostprocessing = 0;
		};
		06B0A56F2E7560B900E0AE25 /* Resources */ = {
			isa = PBXResourcesBuildPhase;
			buildActionMask = 2147483647;
			files = (
			);
			runOnlyForDeploymentPostprocessing = 0;
		};
/* End PBXResourcesBuildPhase section */

/* Begin PBXSourcesBuildPhase section */
		06B0A5552E7560B800E0AE25 /* Sources */ = {
			isa = PBXSourcesBuildPhase;
			buildActionMask = 2147483647;
			files = (
			);
			runOnlyForDeploymentPostprocessing = 0;
		};
		06B0A5632E7560B900E0AE25 /* Sources */ = {
			isa = PBXSourcesBuildPhase;
			buildActionMask = 2147483647;
			files = (
			);
			runOnlyForDeploymentPostprocessing = 0;
		};
		06B0A56D2E7560B900E0AE25 /* Sources */ = {
			isa = PBXSourcesBuildPhase;
			buildActionMask = 2147483647;
			files = (
			);
			runOnlyForDeploymentPostprocessing = 0;
		};
/* End PBXSourcesBuildPhase section */

/* Begin PBXTargetDependency section */
		06B0A5692E7560B900E0AE25 /* PBXTargetDependency */ = {
			isa = PBXTargetDependency;
			target = 06B0A5582E7560B800E0AE25 /* marauders */;
			targetProxy = 06B0A5682E7560B900E0AE25 /* PBXContainerItemProxy */;
		};
		06B0A5732E7560B900E0AE25 /* PBXTargetDependency */ = {
			isa = PBXTargetDependency;
			target = 06B0A5582E7560B800E0AE25 /* marauders */;
			targetProxy = 06B0A5722E7560B900E0AE25 /* PBXContainerItemProxy */;
		};
/* End PBXTargetDependency section */

/* Begin XCBuildConfiguration section */
		06B0A5792E7560B900E0AE25 /* Debug */ = {
			isa = XCBuildConfiguration;
			buildSettings = {
				ALWAYS_SEARCH_USER_PATHS = NO;
				ASSETCATALOG_COMPILER_GENERATE_SWIFT_ASSET_SYMBOL_EXTENSIONS = YES;
				CLANG_ANALYZER_NONNULL = YES;
				CLANG_ANALYZER_NUMBER_OBJECT_CONVERSION = YES_AGGRESSIVE;
				CLANG_CXX_LANGUAGE_STANDARD = "gnu++20";
				CLANG_ENABLE_MODULES = YES;
				CLANG_ENABLE_OBJC_ARC = YES;
				CLANG_ENABLE_OBJC_WEAK = YES;
				CLANG_WARN_BLOCK_CAPTURE_AUTORELEASING = YES;
				CLANG_WARN_BOOL_CONVERSION = YES;
				CLANG_WARN_COMMA = YES;
				CLANG_WARN_CONSTANT_CONVERSION = YES;
				CLANG_WARN_DEPRECATED_OBJC_IMPLEMENTATIONS = YES;
				CLANG_WARN_DIRECT_OBJC_ISA_USAGE = YES_ERROR;
				CLANG_WARN_DOCUMENTATION_COMMENTS = YES;
				CLANG_WARN_EMPTY_BODY = YES;
				CLANG_WARN_ENUM_CONVERSION = YES;
				CLANG_WARN_INFINITE_RECURSION = YES;
				CLANG_WARN_INT_CONVERSION = YES;
				CLANG_WARN_NON_LITERAL_NULL_CONVERSION = YES;
				CLANG_WARN_OBJC_IMPLICIT_RETAIN_SELF = YES;
				CLANG_WARN_OBJC_LITERAL_CONVERSION = YES;
				CLANG_WARN_OBJC_ROOT_CLASS = YES_ERROR;
				CLANG_WARN_QUOTED_INCLUDE_IN_FRAMEWORK_HEADER = YES;
				CLANG_WARN_RANGE_LOOP_ANALYSIS = YES;
				CLANG_WARN_STRICT_PROTOTYPES = YES;
				CLANG_WARN_SUSPICIOUS_MOVE = YES;
				CLANG_WARN_UNGUARDED_AVAILABILITY = YES_AGGRESSIVE;
				CLANG_WARN_UNREACHABLE_CODE = YES;
				CLANG_WARN__DUPLICATE_METHOD_MATCH = YES;
				COPY_PHASE_STRIP = NO;
				DEBUG_INFORMATION_FORMAT = dwarf;
				DEVELOPMENT_TEAM = 9U8PYJFN94;
				ENABLE_STRICT_OBJC_MSGSEND = YES;
				ENABLE_TESTABILITY = YES;
				ENABLE_USER_SCRIPT_SANDBOXING = YES;
				GCC_C_LANGUAGE_STANDARD = gnu17;
				GCC_DYNAMIC_NO_PIC = NO;
				GCC_NO_COMMON_BLOCKS = YES;
				GCC_OPTIMIZATION_LEVEL = 0;
				GCC_PREPROCESSOR_DEFINITIONS = (
					"DEBUG=1",
					"$(inherited)",
				);
				GCC_WARN_64_TO_32_BIT_CONVERSION = YES;
				GCC_WARN_ABOUT_RETURN_TYPE = YES_ERROR;
				GCC_WARN_UNDECLARED_SELECTOR = YES;
				GCC_WARN_UNINITIALIZED_AUTOS = YES_AGGRESSIVE;
				GCC_WARN_UNUSED_FUNCTION = YES;
				GCC_WARN_UNUSED_VARIABLE = YES;
				LOCALIZATION_PREFERS_STRING_CATALOGS = YES;
				MTL_ENABLE_DEBUG_INFO = INCLUDE_SOURCE;
				MTL_FAST_MATH = YES;
				ONLY_ACTIVE_ARCH = YES;
				SWIFT_ACTIVE_COMPILATION_CONDITIONS = "DEBUG $(inherited)";
				SWIFT_OPTIMIZATION_LEVEL = "-Onone";
			};
			name = Debug;
		};
		06B0A57A2E7560B900E0AE25 /* Release */ = {
			isa = XCBuildConfiguration;
			buildSettings = {
				ALWAYS_SEARCH_USER_PATHS = NO;
				ASSETCATALOG_COMPILER_GENERATE_SWIFT_ASSET_SYMBOL_EXTENSIONS = YES;
				CLANG_ANALYZER_NONNULL = YES;
				CLANG_ANALYZER_NUMBER_OBJECT_CONVERSION = YES_AGGRESSIVE;
				CLANG_CXX_LANGUAGE_STANDARD = "gnu++20";
				CLANG_ENABLE_MODULES = YES;
				CLANG_ENABLE_OBJC_ARC = YES;
				CLANG_ENABLE_OBJC_WEAK = YES;
				CLANG_WARN_BLOCK_CAPTURE_AUTORELEASING = YES;
				CLANG_WARN_BOOL_CONVERSION = YES;
				CLANG_WARN_COMMA = YES;
				CLANG_WARN_CONSTANT_CONVERSION = YES;
				CLANG_WARN_DEPRECATED_OBJC_IMPLEMENTATIONS = YES;
				CLANG_WARN_DIRECT_OBJC_ISA_USAGE = YES_ERROR;
				CLANG_WARN_DOCUMENTATION_COMMENTS = YES;
				CLANG_WARN_EMPTY_BODY = YES;
				CLANG_WARN_ENUM_CONVERSION = YES;
				CLANG_WARN_INFINITE_RECURSION = YES;
				CLANG_WARN_INT_CONVERSION = YES;
				CLANG_WARN_NON_LITERAL_NULL_CONVERSION = YES;
				CLANG_WARN_OBJC_IMPLICIT_RETAIN_SELF = YES;
				CLANG_WARN_OBJC_LITERAL_CONVERSION = YES;
				CLANG_WARN_OBJC_ROOT_CLASS = YES_ERROR;
				CLANG_WARN_QUOTED_INCLUDE_IN_FRAMEWORK_HEADER = YES;
				CLANG_WARN_RANGE_LOOP_ANALYSIS = YES;
				CLANG_WARN_STRICT_PROTOTYPES = YES;
				CLANG_WARN_SUSPICIOUS_MOVE = YES;
				CLANG_WARN_UNGUARDED_AVAILABILITY = YES_AGGRESSIVE;
				CLANG_WARN_UNREACHABLE_CODE = YES;
				CLANG_WARN__DUPLICATE_METHOD_MATCH = YES;
				COPY_PHASE_STRIP = NO;
				DEBUG_INFORMATION_FORMAT = "dwarf-with-dsym";
				DEVELOPMENT_TEAM = 9U8PYJFN94;
				ENABLE_NS_ASSERTIONS = NO;
				ENABLE_STRICT_OBJC_MSGSEND = YES;
				ENABLE_USER_SCRIPT_SANDBOXING = YES;
				GCC_C_LANGUAGE_STANDARD = gnu17;
				GCC_NO_COMMON_BLOCKS = YES;
				GCC_WARN_64_TO_32_BIT_CONVERSION = YES;
				GCC_WARN_ABOUT_RETURN_TYPE = YES_ERROR;
				GCC_WARN_UNDECLARED_SELECTOR = YES;
				GCC_WARN_UNINITIALIZED_AUTOS = YES_AGGRESSIVE;
				GCC_WARN_UNUSED_FUNCTION = YES;
				GCC_WARN_UNUSED_VARIABLE = YES;
				LOCALIZATION_PREFERS_STRING_CATALOGS = YES;
				MTL_ENABLE_DEBUG_INFO = NO;
				MTL_FAST_MATH = YES;
				SWIFT_COMPILATION_MODE = wholemodule;
			};
			name = Release;
		};
		06B0A57C2E7560B900E0AE25 /* Debug */ = {
			isa = XCBuildConfiguration;
			buildSettings = {
				ASSETCATALOG_COMPILER_APPICON_NAME = AppIcon;
				ASSETCATALOG_COMPILER_GLOBAL_ACCENT_COLOR_NAME = AccentColor;
				CODE_SIGN_ENTITLEMENTS = marauders/marauders.entitlements;
				CODE_SIGN_STYLE = Automatic;
				CURRENT_PROJECT_VERSION = 1;
				DEVELOPMENT_TEAM = 9U8PYJFN94;
				ENABLE_HARDENED_RUNTIME = YES;
				ENABLE_PREVIEWS = YES;
				GENERATE_INFOPLIST_FILE = YES;
				INFOPLIST_FILE = marauders/Info.plist;
				INFOPLIST_KEY_CFBundleDisplayName = Marauders;
				"INFOPLIST_KEY_UIApplicationSceneManifest_Generation[sdk=iphoneos*]" = YES;
				"INFOPLIST_KEY_UIApplicationSceneManifest_Generation[sdk=iphonesimulator*]" = YES;
				"INFOPLIST_KEY_UIApplicationSupportsIndirectInputEvents[sdk=iphoneos*]" = YES;
				"INFOPLIST_KEY_UIApplicationSupportsIndirectInputEvents[sdk=iphonesimulator*]" = YES;
				"INFOPLIST_KEY_UILaunchScreen_Generation[sdk=iphoneos*]" = YES;
				"INFOPLIST_KEY_UILaunchScreen_Generation[sdk=iphonesimulator*]" = YES;
				"INFOPLIST_KEY_UIStatusBarStyle[sdk=iphoneos*]" = UIStatusBarStyleDefault;
				"INFOPLIST_KEY_UIStatusBarStyle[sdk=iphonesimulator*]" = UIStatusBarStyleDefault;
				INFOPLIST_KEY_UISupportedInterfaceOrientations_iPad = "UIInterfaceOrientationPortrait UIInterfaceOrientationPortraitUpsideDown UIInterfaceOrientationLandscapeLeft UIInterfaceOrientationLandscapeRight";
				INFOPLIST_KEY_UISupportedInterfaceOrientations_iPhone = "UIInterfaceOrientationPortrait UIInterfaceOrientationLandscapeLeft UIInterfaceOrientationLandscapeRight";
				IPHONEOS_DEPLOYMENT_TARGET = 18.5;
				LD_RUNPATH_SEARCH_PATHS = "@executable_path/Frameworks";
				"LD_RUNPATH_SEARCH_PATHS[sdk=macosx*]" = "@executable_path/../Frameworks";
				MACOSX_DEPLOYMENT_TARGET = 15.3;
				MARKETING_VERSION = 1.0;
				PRODUCT_BUNDLE_IDENTIFIER = com.somsak.marauders;
				PRODUCT_NAME = "$(TARGET_NAME)";
				REGISTER_APP_GROUPS = YES;
				SDKROOT = auto;
				SUPPORTED_PLATFORMS = "iphoneos iphonesimulator macosx xros xrsimulator";
				SWIFT_EMIT_LOC_STRINGS = YES;
				SWIFT_VERSION = 5.0;
				TARGETED_DEVICE_FAMILY = "1,2,7";
				XROS_DEPLOYMENT_TARGET = 2.5;
			};
			name = Debug;
		};
		06B0A57D2E7560B900E0AE25 /* Release */ = {
			isa = XCBuildConfiguration;
			buildSettings = {
				ASSETCATALOG_COMPILER_APPICON_NAME = AppIcon;
				ASSETCATALOG_COMPILER_GLOBAL_ACCENT_COLOR_NAME = AccentColor;
				CODE_SIGN_ENTITLEMENTS = marauders/marauders.entitlements;
				CODE_SIGN_STYLE = Automatic;
				CURRENT_PROJECT_VERSION = 1;
				DEVELOPMENT_TEAM = 9U8PYJFN94;
				ENABLE_HARDENED_RUNTIME = YES;
				ENABLE_PREVIEWS = YES;
				GENERATE_INFOPLIST_FILE = YES;
				INFOPLIST_FILE = marauders/Info.plist;
				INFOPLIST_KEY_CFBundleDisplayName = Marauders;
				"INFOPLIST_KEY_UIApplicationSceneManifest_Generation[sdk=iphoneos*]" = YES;
				"INFOPLIST_KEY_UIApplicationSceneManifest_Generation[sdk=iphonesimulator*]" = YES;
				"INFOPLIST_KEY_UIApplicationSupportsIndirectInputEvents[sdk=iphoneos*]" = YES;
				"INFOPLIST_KEY_UIApplicationSupportsIndirectInputEvents[sdk=iphonesimulator*]" = YES;
				"INFOPLIST_KEY_UILaunchScreen_Generation[sdk=iphoneos*]" = YES;
				"INFOPLIST_KEY_UILaunchScreen_Generation[sdk=iphonesimulator*]" = YES;
				"INFOPLIST_KEY_UIStatusBarStyle[sdk=iphoneos*]" = UIStatusBarStyleDefault;
				"INFOPLIST_KEY_UIStatusBarStyle[sdk=iphonesimulator*]" = UIStatusBarStyleDefault;
				INFOPLIST_KEY_UISupportedInterfaceOrientations_iPad = "UIInterfaceOrientationPortrait UIInterfaceOrientationPortraitUpsideDown UIInterfaceOrientationLandscapeLeft UIInterfaceOrientationLandscapeRight";
				INFOPLIST_KEY_UISupportedInterfaceOrientations_iPhone = "UIInterfaceOrientationPortrait UIInterfaceOrientationLandscapeLeft UIInterfaceOrientationLandscapeRight";
				IPHONEOS_DEPLOYMENT_TARGET = 18.5;
				LD_RUNPATH_SEARCH_PATHS = "@executable_path/Frameworks";
				"LD_RUNPATH_SEARCH_PATHS[sdk=macosx*]" = "@executable_path/../Frameworks";
				MACOSX_DEPLOYMENT_TARGET = 15.3;
				MARKETING_VERSION = 1.0;
				PRODUCT_BUNDLE_IDENTIFIER = com.somsak.marauders;
				PRODUCT_NAME = "$(TARGET_NAME)";
				REGISTER_APP_GROUPS = YES;
				SDKROOT = auto;
				SUPPORTED_PLATFORMS = "iphoneos iphonesimulator macosx xros xrsimulator";
				SWIFT_EMIT_LOC_STRINGS = YES;
				SWIFT_VERSION = 5.0;
				TARGETED_DEVICE_FAMILY = "1,2,7";
				XROS_DEPLOYMENT_TARGET = 2.5;
			};
			name = Release;
		};
		06B0A57F2E7560B900E0AE25 /* Debug */ = {
			isa = XCBuildConfiguration;
			buildSettings = {
				BUNDLE_LOADER = "$(TEST_HOST)";
				CODE_SIGN_STYLE = Automatic;
				CURRENT_PROJECT_VERSION = 1;
				DEVELOPMENT_TEAM = 9U8PYJFN94;
				GENERATE_INFOPLIST_FILE = YES;
				IPHONEOS_DEPLOYMENT_TARGET = 18.5;
				MACOSX_DEPLOYMENT_TARGET = 15.3;
				MARKETING_VERSION = 1.0;
				PRODUCT_BUNDLE_IDENTIFIER = com.somsak.maraudersTests;
				PRODUCT_NAME = "$(TARGET_NAME)";
				SDKROOT = auto;
				SUPPORTED_PLATFORMS = "iphoneos iphonesimulator macosx xros xrsimulator";
				SWIFT_EMIT_LOC_STRINGS = NO;
				SWIFT_VERSION = 5.0;
				TARGETED_DEVICE_FAMILY = "1,2,7";
				TEST_HOST = "$(BUILT_PRODUCTS_DIR)/marauders.app/$(BUNDLE_EXECUTABLE_FOLDER_PATH)/marauders";
				XROS_DEPLOYMENT_TARGET = 2.5;
			};
			name = Debug;
		};
		06B0A5802E7560B900E0AE25 /* Release */ = {
			isa = XCBuildConfiguration;
			buildSettings = {
				BUNDLE_LOADER = "$(TEST_HOST)";
				CODE_SIGN_STYLE = Automatic;
				CURRENT_PROJECT_VERSION = 1;
				DEVELOPMENT_TEAM = 9U8PYJFN94;
				GENERATE_INFOPLIST_FILE = YES;
				IPHONEOS_DEPLOYMENT_TARGET = 18.5;
				MACOSX_DEPLOYMENT_TARGET = 15.3;
				MARKETING_VERSION = 1.0;
				PRODUCT_BUNDLE_IDENTIFIER = com.somsak.maraudersTests;
				PRODUCT_NAME = "$(TARGET_NAME)";
				SDKROOT = auto;
				SUPPORTED_PLATFORMS = "iphoneos iphonesimulator macosx xros xrsimulator";
				SWIFT_EMIT_LOC_STRINGS = NO;
				SWIFT_VERSION = 5.0;
				TARGETED_DEVICE_FAMILY = "1,2,7";
				TEST_HOST = "$(BUILT_PRODUCTS_DIR)/marauders.app/$(BUNDLE_EXECUTABLE_FOLDER_PATH)/marauders";
				XROS_DEPLOYMENT_TARGET = 2.5;
			};
			name = Release;
		};
		06B0A5822E7560B900E0AE25 /* Debug */ = {
			isa = XCBuildConfiguration;
			buildSettings = {
				CODE_SIGN_STYLE = Automatic;
				CURRENT_PROJECT_VERSION = 1;
				DEVELOPMENT_TEAM = 9U8PYJFN94;
				GENERATE_INFOPLIST_FILE = YES;
				IPHONEOS_DEPLOYMENT_TARGET = 18.5;
				MACOSX_DEPLOYMENT_TARGET = 15.3;
				MARKETING_VERSION = 1.0;
				PRODUCT_BUNDLE_IDENTIFIER = com.somsak.maraudersUITests;
				PRODUCT_NAME = "$(TARGET_NAME)";
				SDKROOT = auto;
				SUPPORTED_PLATFORMS = "iphoneos iphonesimulator macosx xros xrsimulator";
				SWIFT_EMIT_LOC_STRINGS = NO;
				SWIFT_VERSION = 5.0;
				TARGETED_DEVICE_FAMILY = "1,2,7";
				TEST_TARGET_NAME = marauders;
				XROS_DEPLOYMENT_TARGET = 2.5;
			};
			name = Debug;
		};
		06B0A5832E7560B900E0AE25 /* Release */ = {
			isa = XCBuildConfiguration;
			buildSettings = {
				CODE_SIGN_STYLE = Automatic;
				CURRENT_PROJECT_VERSION = 1;
				DEVELOPMENT_TEAM = 9U8PYJFN94;
				GENERATE_INFOPLIST_FILE = YES;
				IPHONEOS_DEPLOYMENT_TARGET = 18.5;
				MACOSX_DEPLOYMENT_TARGET = 15.3;
				MARKETING_VERSION = 1.0;
				PRODUCT_BUNDLE_IDENTIFIER = com.somsak.maraudersUITests;
				PRODUCT_NAME = "$(TARGET_NAME)";
				SDKROOT = auto;
				SUPPORTED_PLATFORMS = "iphoneos iphonesimulator macosx xros xrsimulator";
				SWIFT_EMIT_LOC_STRINGS = NO;
				SWIFT_VERSION = 5.0;
				TARGETED_DEVICE_FAMILY = "1,2,7";
				TEST_TARGET_NAME = marauders;
				XROS_DEPLOYMENT_TARGET = 2.5;
			};
			name = Release;
		};
/* End XCBuildConfiguration section */

/* Begin XCConfigurationList section */
		06B0A5542E7560B800E0AE25 /* Build configuration list for PBXProject "marauders" */ = {
			isa = XCConfigurationList;
			buildConfigurations = (
				06B0A5792E7560B900E0AE25 /* Debug */,
				06B0A57A2E7560B900E0AE25 /* Release */,
			);
			defaultConfigurationIsVisible = 0;
			defaultConfigurationName = Release;
		};
		06B0A57B2E7560B900E0AE25 /* Build configuration list for PBXNativeTarget "marauders" */ = {
			isa = XCConfigurationList;
			buildConfigurations = (
				06B0A57C2E7560B900E0AE25 /* Debug */,
				06B0A57D2E7560B900E0AE25 /* Release */,
			);
			defaultConfigurationIsVisible = 0;
			defaultConfigurationName = Release;
		};
		06B0A57E2E7560B900E0AE25 /* Build configuration list for PBXNativeTarget "maraudersTests" */ = {
			isa = XCConfigurationList;
			buildConfigurations = (
				06B0A57F2E7560B900E0AE25 /* Debug */,
				06B0A5802E7560B900E0AE25 /* Release */,
			);
			defaultConfigurationIsVisible = 0;
			defaultConfigurationName = Release;
		};
		06B0A5812E7560B900E0AE25 /* Build configuration list for PBXNativeTarget "maraudersUITests" */ = {
			isa = XCConfigurationList;
			buildConfigurations = (
				06B0A5822E7560B900E0AE25 /* Debug */,
				06B0A5832E7560B900E0AE25 /* Release */,
			);
			defaultConfigurationIsVisible = 0;
			defaultConfigurationName = Release;
		};
/* End XCConfigurationList section */

/* Begin XCRemoteSwiftPackageReference section */
		06B0A59E2E75625C00E0AE25 /* XCRemoteSwiftPackageReference "GoogleSignIn-iOS" */ = {
			isa = XCRemoteSwiftPackageReference;
			repositoryURL = "https://github.com/google/GoogleSignIn-iOS.git";
			requirement = {
				kind = upToNextMajorVersion;
				minimumVersion = 9.0.0;
			};
		};
		06B0A5A32E7562C200E0AE25 /* XCRemoteSwiftPackageReference "firebase-ios-sdk" */ = {
			isa = XCRemoteSwiftPackageReference;
			repositoryURL = "https://github.com/firebase/firebase-ios-sdk.git";
			requirement = {
				kind = upToNextMajorVersion;
				minimumVersion = 12.2.0;
			};
		};
/* End XCRemoteSwiftPackageReference section */

/* Begin XCSwiftPackageProductDependency section */
		06B0A59F2E75625C00E0AE25 /* GoogleSignIn */ = {
			isa = XCSwiftPackageProductDependency;
			package = 06B0A59E2E75625C00E0AE25 /* XCRemoteSwiftPackageReference "GoogleSignIn-iOS" */;
			productName = GoogleSignIn;
		};
		06B0A5A12E75625C00E0AE25 /* GoogleSignInSwift */ = {
			isa = XCSwiftPackageProductDependency;
			package = 06B0A59E2E75625C00E0AE25 /* XCRemoteSwiftPackageReference "GoogleSignIn-iOS" */;
			productName = GoogleSignInSwift;
		};
		06B0A5A42E7562C200E0AE25 /* FirebaseAuth */ = {
			isa = XCSwiftPackageProductDependency;
			package = 06B0A5A32E7562C200E0AE25 /* XCRemoteSwiftPackageReference "firebase-ios-sdk" */;
			productName = FirebaseAuth;
		};
		06B0A5A62E7562C200E0AE25 /* FirebaseCore */ = {
			isa = XCSwiftPackageProductDependency;
			package = 06B0A5A32E7562C200E0AE25 /* XCRemoteSwiftPackageReference "firebase-ios-sdk" */;
			productName = FirebaseCore;
		};
/* End XCSwiftPackageProductDependency section */
	};
	rootObject = 06B0A5512E7560B800E0AE25 /* Project object */;
}
